
Microsoft Visual Studio Solution File, Format Version 12.00
# Visual Studio Version 17
VisualStudioVersion = 17.0.31903.59
MinimumVisualStudioVersion = 10.0.40219.1
Project("{FAE04EC0-301F-11D3-BF4B-00C04F79EFBC}") = "CadastroPacientes.Data", "src\CadastroPacientes.Data\CadastroPacientes.Data.csproj", "{08C0AD85-0248-465A-A446-CFBD147AD2C4}"
EndProject
Project("{FAE04EC0-301F-11D3-BF4B-00C04F79EFBC}") = "CadastroPacientes.Domain", "src\CadastroPacientes.Domain\CadastroPacientes.Domain.csproj", "{E5706C0F-732F-44AC-B4FB-4D2D9A7ADB59}"
EndProject
Project("{FAE04EC0-301F-11D3-BF4B-00C04F79EFBC}") = "CadastroPacientes.CrossCutting", "src\CadastroPacientes.CrossCutting\CadastroPacientes.CrossCutting.csproj", "{30584F02-29DC-4B2D-9141-79E5772A527F}"
EndProject
Project("{FAE04EC0-301F-11D3-BF4B-00C04F79EFBC}") = "CadastroPacientes.API", "src\CadastroPacientes.API\CadastroPacientes.API.csproj", "{BA4D1DD4-CA37-7580-F296-7E46256DAFD9}"
EndProject
Project("{FAE04EC0-301F-11D3-BF4B-00C04F79EFBC}") = "CadastroPacientes.Application", "src\CadastroPacientes.Application\CadastroPacientes.Application.csproj", "{0E174454-1E58-23D6-7C89-BFED4CB79627}"
EndProject
Global
	GlobalSection(SolutionConfigurationPlatforms) = preSolution
		Debug|Any CPU = Debug|Any CPU
		Release|Any CPU = Release|Any CPU
	EndGlobalSection
	GlobalSection(ProjectConfigurationPlatforms) = postSolution
		{08C0AD85-0248-465A-A446-CFBD147AD2C4}.Debug|Any CPU.ActiveCfg = Debug|Any CPU
		{08C0AD85-0248-465A-A446-CFBD147AD2C4}.Debug|Any CPU.Build.0 = Debug|Any CPU
		{08C0AD85-0248-465A-A446-CFBD147AD2C4}.Release|Any CPU.ActiveCfg = Release|Any CPU
		{08C0AD85-0248-465A-A446-CFBD147AD2C4}.Release|Any CPU.Build.0 = Release|Any CPU
		{E5706C0F-732F-44AC-B4FB-4D2D9A7ADB59}.Debug|Any CPU.ActiveCfg = Debug|Any CPU
		{E5706C0F-732F-44AC-B4FB-4D2D9A7ADB59}.Debug|Any CPU.Build.0 = Debug|Any CPU
		{E5706C0F-732F-44AC-B4FB-4D2D9A7ADB59}.Release|Any CPU.ActiveCfg = Release|Any CPU
		{E5706C0F-732F-44AC-B4FB-4D2D9A7ADB59}.Release|Any CPU.Build.0 = Release|Any CPU
		{30584F02-29DC-4B2D-9141-79E5772A527F}.Debug|Any CPU.ActiveCfg = Debug|Any CPU
		{30584F02-29DC-4B2D-9141-79E5772A527F}.Debug|Any CPU.Build.0 = Debug|Any CPU
		{30584F02-29DC-4B2D-9141-79E5772A527F}.Release|Any CPU.ActiveCfg = Release|Any CPU
		{30584F02-29DC-4B2D-9141-79E5772A527F}.Release|Any CPU.Build.0 = Release|Any CPU
		{BA4D1DD4-CA37-7580-F296-7E46256DAFD9}.Debug|Any CPU.ActiveCfg = Debug|Any CPU
		{BA4D1DD4-CA37-7580-F296-7E46256DAFD9}.Debug|Any CPU.Build.0 = Debug|Any CPU
		{BA4D1DD4-CA37-7580-F296-7E46256DAFD9}.Release|Any CPU.ActiveCfg = Release|Any CPU
		{BA4D1DD4-CA37-7580-F296-7E46256DAFD9}.Release|Any CPU.Build.0 = Release|Any CPU
		{0E174454-1E58-23D6-7C89-BFED4CB79627}.Debug|Any CPU.ActiveCfg = Debug|Any CPU
		{0E174454-1E58-23D6-7C89-BFED4CB79627}.Debug|Any CPU.Build.0 = Debug|Any CPU
		{0E174454-1E58-23D6-7C89-BFED4CB79627}.Release|Any CPU.ActiveCfg = Release|Any CPU
		{0E174454-1E58-23D6-7C89-BFED4CB79627}.Release|Any CPU.Build.0 = Release|Any CPU
	EndGlobalSection
	GlobalSection(SolutionProperties) = preSolution
		HideSolutionNode = FALSE
	EndGlobalSection
	GlobalSection(ExtensibilityGlobals) = postSolution
		SolutionGuid = {3C993610-FB61-480D-996E-9CE39F2C3FC2}
	EndGlobalSection
EndGlobal
